
Microsoft Visual Studio Solution File, Format Version 12.00
# Visual Studio Version 16
VisualStudioVersion = 25.0.1706.8
MinimumVisualStudioVersion = 10.0.40219.1
Project("{FAE04EC0-301F-11D3-BF4B-00C04F79EFBC}") = "Throw_Exception", "Throw_Exception\Throw_Exception.csproj", "{DD8EA129-759C-4FAD-955F-089D8EE0DBF4}"
EndProject
Global
	GlobalSection(SolutionConfigurationPlatforms) = preSolution
		Debug|Any CPU = Debug|Any CPU
		Release|Any CPU = Release|Any CPU
	EndGlobalSection
	GlobalSection(ProjectConfigurationPlatforms) = postSolution
		{DD8EA129-759C-4FAD-955F-089D8EE0DBF4}.Debug|Any CPU.ActiveCfg = Debug|Any CPU
		{DD8EA129-759C-4FAD-955F-089D8EE0DBF4}.Debug|Any CPU.Build.0 = Debug|Any CPU
		{DD8EA129-759C-4FAD-955F-089D8EE0DBF4}.Release|Any CPU.ActiveCfg = Release|Any CPU
		{DD8EA129-759C-4FAD-955F-089D8EE0DBF4}.Release|Any CPU.Build.0 = Release|Any CPU
	EndGlobalSection
	GlobalSection(SolutionProperties) = preSolution
		HideSolutionNode = FALSE
	EndGlobalSection
	GlobalSection(ExtensibilityGlobals) = postSolution
		SolutionGuid = {E0276AEA-6186-4073-B604-8D097244AFE8}
	EndGlobalSection
EndGlobal
