
Microsoft Visual Studio Solution File, Format Version 12.00
# Visual Studio Version 16
VisualStudioVersion = 25.0.1706.7
MinimumVisualStudioVersion = 10.0.40219.1
Project("{FAE04EC0-301F-11D3-BF4B-00C04F79EFBC}") = "DuplicateEle", "DuplicateEle\DuplicateEle.csproj", "{A4135D10-A33C-43BF-802B-22B46D3DF137}"
EndProject
Global
	GlobalSection(SolutionConfigurationPlatforms) = preSolution
		Debug|Any CPU = Debug|Any CPU
		Release|Any CPU = Release|Any CPU
	EndGlobalSection
	GlobalSection(ProjectConfigurationPlatforms) = postSolution
		{A4135D10-A33C-43BF-802B-22B46D3DF137}.Debug|Any CPU.ActiveCfg = Debug|Any CPU
		{A4135D10-A33C-43BF-802B-22B46D3DF137}.Debug|Any CPU.Build.0 = Debug|Any CPU
		{A4135D10-A33C-43BF-802B-22B46D3DF137}.Release|Any CPU.ActiveCfg = Release|Any CPU
		{A4135D10-A33C-43BF-802B-22B46D3DF137}.Release|Any CPU.Build.0 = Release|Any CPU
	EndGlobalSection
	GlobalSection(SolutionProperties) = preSolution
		HideSolutionNode = FALSE
	EndGlobalSection
	GlobalSection(ExtensibilityGlobals) = postSolution
		SolutionGuid = {38EBCCA7-D47B-4A28-8AC7-7D646AE12B30}
	EndGlobalSection
EndGlobal
