
Microsoft Visual Studio Solution File, Format Version 12.00
# Visual Studio Version 16
VisualStudioVersion = 25.0.1706.7
MinimumVisualStudioVersion = 10.0.40219.1
Project("{FAE04EC0-301F-11D3-BF4B-00C04F79EFBC}") = "OddPos_Array", "OddPos_Array\OddPos_Array.csproj", "{63565878-E5FD-48CA-8263-277639DA181F}"
EndProject
Global
	GlobalSection(SolutionConfigurationPlatforms) = preSolution
		Debug|Any CPU = Debug|Any CPU
		Release|Any CPU = Release|Any CPU
	EndGlobalSection
	GlobalSection(ProjectConfigurationPlatforms) = postSolution
		{63565878-E5FD-48CA-8263-277639DA181F}.Debug|Any CPU.ActiveCfg = Debug|Any CPU
		{63565878-E5FD-48CA-8263-277639DA181F}.Debug|Any CPU.Build.0 = Debug|Any CPU
		{63565878-E5FD-48CA-8263-277639DA181F}.Release|Any CPU.ActiveCfg = Release|Any CPU
		{63565878-E5FD-48CA-8263-277639DA181F}.Release|Any CPU.Build.0 = Release|Any CPU
	EndGlobalSection
	GlobalSection(SolutionProperties) = preSolution
		HideSolutionNode = FALSE
	EndGlobalSection
	GlobalSection(ExtensibilityGlobals) = postSolution
		SolutionGuid = {AD2D6785-C4A7-48F2-AE83-506B1903B650}
	EndGlobalSection
EndGlobal
