
Microsoft Visual Studio Solution File, Format Version 12.00
# Visual Studio Version 16
VisualStudioVersion = 25.0.1706.7
MinimumVisualStudioVersion = 10.0.40219.1
Project("{FAE04EC0-301F-11D3-BF4B-00C04F79EFBC}") = "String_Count", "String_Count\String_Count.csproj", "{633E4000-EFEC-4677-95BD-0FB5DFF76CF2}"
EndProject
Global
	GlobalSection(SolutionConfigurationPlatforms) = preSolution
		Debug|Any CPU = Debug|Any CPU
		Release|Any CPU = Release|Any CPU
	EndGlobalSection
	GlobalSection(ProjectConfigurationPlatforms) = postSolution
		{633E4000-EFEC-4677-95BD-0FB5DFF76CF2}.Debug|Any CPU.ActiveCfg = Debug|Any CPU
		{633E4000-EFEC-4677-95BD-0FB5DFF76CF2}.Debug|Any CPU.Build.0 = Debug|Any CPU
		{633E4000-EFEC-4677-95BD-0FB5DFF76CF2}.Release|Any CPU.ActiveCfg = Release|Any CPU
		{633E4000-EFEC-4677-95BD-0FB5DFF76CF2}.Release|Any CPU.Build.0 = Release|Any CPU
	EndGlobalSection
	GlobalSection(SolutionProperties) = preSolution
		HideSolutionNode = FALSE
	EndGlobalSection
	GlobalSection(ExtensibilityGlobals) = postSolution
		SolutionGuid = {3A0D2417-87C0-4D52-BF6D-4817D7D1F17A}
	EndGlobalSection
EndGlobal
