
Microsoft Visual Studio Solution File, Format Version 12.00
# Visual Studio Version 16
VisualStudioVersion = 25.0.1706.7
MinimumVisualStudioVersion = 10.0.40219.1
Project("{FAE04EC0-301F-11D3-BF4B-00C04F79EFBC}") = "Class_Object_demo", "Class_Object_demo\Class_Object_demo.csproj", "{023B04C1-5847-43D5-96FB-A08315D35FCD}"
EndProject
Global
	GlobalSection(SolutionConfigurationPlatforms) = preSolution
		Debug|Any CPU = Debug|Any CPU
		Release|Any CPU = Release|Any CPU
	EndGlobalSection
	GlobalSection(ProjectConfigurationPlatforms) = postSolution
		{023B04C1-5847-43D5-96FB-A08315D35FCD}.Debug|Any CPU.ActiveCfg = Debug|Any CPU
		{023B04C1-5847-43D5-96FB-A08315D35FCD}.Debug|Any CPU.Build.0 = Debug|Any CPU
		{023B04C1-5847-43D5-96FB-A08315D35FCD}.Release|Any CPU.ActiveCfg = Release|Any CPU
		{023B04C1-5847-43D5-96FB-A08315D35FCD}.Release|Any CPU.Build.0 = Release|Any CPU
	EndGlobalSection
	GlobalSection(SolutionProperties) = preSolution
		HideSolutionNode = FALSE
	EndGlobalSection
	GlobalSection(ExtensibilityGlobals) = postSolution
		SolutionGuid = {8AE7E65E-799F-478C-AC1D-7657FA6F7C39}
	EndGlobalSection
EndGlobal
