
Microsoft Visual Studio Solution File, Format Version 12.00
# Visual Studio Version 16
VisualStudioVersion = 25.0.1706.7
MinimumVisualStudioVersion = 10.0.40219.1
Project("{FAE04EC0-301F-11D3-BF4B-00C04F79EFBC}") = "ListSort", "ListSort\ListSort.csproj", "{B4CC854A-2F1F-40CA-BAE3-873901BE371C}"
EndProject
Global
	GlobalSection(SolutionConfigurationPlatforms) = preSolution
		Debug|Any CPU = Debug|Any CPU
		Release|Any CPU = Release|Any CPU
	EndGlobalSection
	GlobalSection(ProjectConfigurationPlatforms) = postSolution
		{B4CC854A-2F1F-40CA-BAE3-873901BE371C}.Debug|Any CPU.ActiveCfg = Debug|Any CPU
		{B4CC854A-2F1F-40CA-BAE3-873901BE371C}.Debug|Any CPU.Build.0 = Debug|Any CPU
		{B4CC854A-2F1F-40CA-BAE3-873901BE371C}.Release|Any CPU.ActiveCfg = Release|Any CPU
		{B4CC854A-2F1F-40CA-BAE3-873901BE371C}.Release|Any CPU.Build.0 = Release|Any CPU
	EndGlobalSection
	GlobalSection(SolutionProperties) = preSolution
		HideSolutionNode = FALSE
	EndGlobalSection
	GlobalSection(ExtensibilityGlobals) = postSolution
		SolutionGuid = {41235E29-47D0-42C6-B409-5934E51CE75E}
	EndGlobalSection
EndGlobal
