
Microsoft Visual Studio Solution File, Format Version 12.00
# Visual Studio Version 16
VisualStudioVersion = 25.0.1706.7
MinimumVisualStudioVersion = 10.0.40219.1
Project("{FAE04EC0-301F-11D3-BF4B-00C04F79EFBC}") = "EnumDemo", "EnumDemo\EnumDemo.csproj", "{1E939A26-5524-492B-B758-AC1C8E795870}"
EndProject
Global
	GlobalSection(SolutionConfigurationPlatforms) = preSolution
		Debug|Any CPU = Debug|Any CPU
		Release|Any CPU = Release|Any CPU
	EndGlobalSection
	GlobalSection(ProjectConfigurationPlatforms) = postSolution
		{1E939A26-5524-492B-B758-AC1C8E795870}.Debug|Any CPU.ActiveCfg = Debug|Any CPU
		{1E939A26-5524-492B-B758-AC1C8E795870}.Debug|Any CPU.Build.0 = Debug|Any CPU
		{1E939A26-5524-492B-B758-AC1C8E795870}.Release|Any CPU.ActiveCfg = Release|Any CPU
		{1E939A26-5524-492B-B758-AC1C8E795870}.Release|Any CPU.Build.0 = Release|Any CPU
	EndGlobalSection
	GlobalSection(SolutionProperties) = preSolution
		HideSolutionNode = FALSE
	EndGlobalSection
	GlobalSection(ExtensibilityGlobals) = postSolution
		SolutionGuid = {28448C10-7481-47E7-ACB8-905626930126}
	EndGlobalSection
EndGlobal
