
Microsoft Visual Studio Solution File, Format Version 12.00
# Visual Studio Version 16
VisualStudioVersion = 25.0.1706.8
MinimumVisualStudioVersion = 10.0.40219.1
Project("{FAE04EC0-301F-11D3-BF4B-00C04F79EFBC}") = "Palindrome", "Palindrome\Palindrome.csproj", "{48C2B255-C828-4CCE-9EF8-8EC4B53C6D9C}"
EndProject
Global
	GlobalSection(SolutionConfigurationPlatforms) = preSolution
		Debug|Any CPU = Debug|Any CPU
		Release|Any CPU = Release|Any CPU
	EndGlobalSection
	GlobalSection(ProjectConfigurationPlatforms) = postSolution
		{48C2B255-C828-4CCE-9EF8-8EC4B53C6D9C}.Debug|Any CPU.ActiveCfg = Debug|Any CPU
		{48C2B255-C828-4CCE-9EF8-8EC4B53C6D9C}.Debug|Any CPU.Build.0 = Debug|Any CPU
		{48C2B255-C828-4CCE-9EF8-8EC4B53C6D9C}.Release|Any CPU.ActiveCfg = Release|Any CPU
		{48C2B255-C828-4CCE-9EF8-8EC4B53C6D9C}.Release|Any CPU.Build.0 = Release|Any CPU
	EndGlobalSection
	GlobalSection(SolutionProperties) = preSolution
		HideSolutionNode = FALSE
	EndGlobalSection
	GlobalSection(ExtensibilityGlobals) = postSolution
		SolutionGuid = {224DB0EF-711F-486F-A491-82FD35AE64DF}
	EndGlobalSection
EndGlobal
