
Microsoft Visual Studio Solution File, Format Version 12.00
# Visual Studio Version 16
VisualStudioVersion = 25.0.1706.7
MinimumVisualStudioVersion = 10.0.40219.1
Project("{FAE04EC0-301F-11D3-BF4B-00C04F79EFBC}") = "ArrayEx", "ArrayEx\ArrayEx.csproj", "{63700896-C2AA-4496-854B-9910BAE397FE}"
EndProject
Global
	GlobalSection(SolutionConfigurationPlatforms) = preSolution
		Debug|Any CPU = Debug|Any CPU
		Release|Any CPU = Release|Any CPU
	EndGlobalSection
	GlobalSection(ProjectConfigurationPlatforms) = postSolution
		{63700896-C2AA-4496-854B-9910BAE397FE}.Debug|Any CPU.ActiveCfg = Debug|Any CPU
		{63700896-C2AA-4496-854B-9910BAE397FE}.Debug|Any CPU.Build.0 = Debug|Any CPU
		{63700896-C2AA-4496-854B-9910BAE397FE}.Release|Any CPU.ActiveCfg = Release|Any CPU
		{63700896-C2AA-4496-854B-9910BAE397FE}.Release|Any CPU.Build.0 = Release|Any CPU
	EndGlobalSection
	GlobalSection(SolutionProperties) = preSolution
		HideSolutionNode = FALSE
	EndGlobalSection
	GlobalSection(ExtensibilityGlobals) = postSolution
		SolutionGuid = {F71F1CDA-3D7B-415B-B913-E9EAA0DF9CAC}
	EndGlobalSection
EndGlobal
