
Microsoft Visual Studio Solution File, Format Version 12.00
# Visual Studio Version 16
VisualStudioVersion = 25.0.1706.7
MinimumVisualStudioVersion = 10.0.40219.1
Project("{FAE04EC0-301F-11D3-BF4B-00C04F79EFBC}") = "Encapsulation_Demo", "Encapsulation_Demo\Encapsulation_Demo.csproj", "{F9F3B29F-1CB5-435B-B303-3D702BA6E3B7}"
EndProject
Global
	GlobalSection(SolutionConfigurationPlatforms) = preSolution
		Debug|Any CPU = Debug|Any CPU
		Release|Any CPU = Release|Any CPU
	EndGlobalSection
	GlobalSection(ProjectConfigurationPlatforms) = postSolution
		{F9F3B29F-1CB5-435B-B303-3D702BA6E3B7}.Debug|Any CPU.ActiveCfg = Debug|Any CPU
		{F9F3B29F-1CB5-435B-B303-3D702BA6E3B7}.Debug|Any CPU.Build.0 = Debug|Any CPU
		{F9F3B29F-1CB5-435B-B303-3D702BA6E3B7}.Release|Any CPU.ActiveCfg = Release|Any CPU
		{F9F3B29F-1CB5-435B-B303-3D702BA6E3B7}.Release|Any CPU.Build.0 = Release|Any CPU
	EndGlobalSection
	GlobalSection(SolutionProperties) = preSolution
		HideSolutionNode = FALSE
	EndGlobalSection
	GlobalSection(ExtensibilityGlobals) = postSolution
		SolutionGuid = {F8B89A9F-6354-4527-A648-7BCACF72BC7C}
	EndGlobalSection
EndGlobal
