
Microsoft Visual Studio Solution File, Format Version 12.00
# Visual Studio Version 16
VisualStudioVersion = 25.0.1706.7
MinimumVisualStudioVersion = 10.0.40219.1
Project("{FAE04EC0-301F-11D3-BF4B-00C04F79EFBC}") = "Microsoft_Login_Demo", "Microsoft_Login_Demo\Microsoft_Login_Demo.csproj", "{8A8445AA-7CC5-4234-AF03-9C339C897251}"
EndProject
Global
	GlobalSection(SolutionConfigurationPlatforms) = preSolution
		Debug|Any CPU = Debug|Any CPU
		Release|Any CPU = Release|Any CPU
	EndGlobalSection
	GlobalSection(ProjectConfigurationPlatforms) = postSolution
		{8A8445AA-7CC5-4234-AF03-9C339C897251}.Debug|Any CPU.ActiveCfg = Debug|Any CPU
		{8A8445AA-7CC5-4234-AF03-9C339C897251}.Debug|Any CPU.Build.0 = Debug|Any CPU
		{8A8445AA-7CC5-4234-AF03-9C339C897251}.Release|Any CPU.ActiveCfg = Release|Any CPU
		{8A8445AA-7CC5-4234-AF03-9C339C897251}.Release|Any CPU.Build.0 = Release|Any CPU
	EndGlobalSection
	GlobalSection(SolutionProperties) = preSolution
		HideSolutionNode = FALSE
	EndGlobalSection
	GlobalSection(ExtensibilityGlobals) = postSolution
		SolutionGuid = {392D943A-F26A-4578-B13D-2BA7E2D28E67}
	EndGlobalSection
EndGlobal
