
Microsoft Visual Studio Solution File, Format Version 12.00
# Visual Studio Version 16
VisualStudioVersion = 25.0.1706.7
MinimumVisualStudioVersion = 10.0.40219.1
Project("{FAE04EC0-301F-11D3-BF4B-00C04F79EFBC}") = "Directory_Demo", "Directory_Demo\Directory_Demo.csproj", "{38BE2BFE-D9CF-4D5B-BAA3-7203D04D927C}"
EndProject
Global
	GlobalSection(SolutionConfigurationPlatforms) = preSolution
		Debug|Any CPU = Debug|Any CPU
		Release|Any CPU = Release|Any CPU
	EndGlobalSection
	GlobalSection(ProjectConfigurationPlatforms) = postSolution
		{38BE2BFE-D9CF-4D5B-BAA3-7203D04D927C}.Debug|Any CPU.ActiveCfg = Debug|Any CPU
		{38BE2BFE-D9CF-4D5B-BAA3-7203D04D927C}.Debug|Any CPU.Build.0 = Debug|Any CPU
		{38BE2BFE-D9CF-4D5B-BAA3-7203D04D927C}.Release|Any CPU.ActiveCfg = Release|Any CPU
		{38BE2BFE-D9CF-4D5B-BAA3-7203D04D927C}.Release|Any CPU.Build.0 = Release|Any CPU
	EndGlobalSection
	GlobalSection(SolutionProperties) = preSolution
		HideSolutionNode = FALSE
	EndGlobalSection
	GlobalSection(ExtensibilityGlobals) = postSolution
		SolutionGuid = {258D299B-E82D-4BFB-A542-650AE4B96E30}
	EndGlobalSection
EndGlobal
