
Microsoft Visual Studio Solution File, Format Version 12.00
# Visual Studio Version 16
VisualStudioVersion = 25.0.1706.7
MinimumVisualStudioVersion = 10.0.40219.1
Project("{FAE04EC0-301F-11D3-BF4B-00C04F79EFBC}") = "PassByRef", "PassByRef\PassByRef.csproj", "{AFA944BE-00B5-4464-9F98-80B4F5387A0A}"
EndProject
Global
	GlobalSection(SolutionConfigurationPlatforms) = preSolution
		Debug|Any CPU = Debug|Any CPU
		Release|Any CPU = Release|Any CPU
	EndGlobalSection
	GlobalSection(ProjectConfigurationPlatforms) = postSolution
		{AFA944BE-00B5-4464-9F98-80B4F5387A0A}.Debug|Any CPU.ActiveCfg = Debug|Any CPU
		{AFA944BE-00B5-4464-9F98-80B4F5387A0A}.Debug|Any CPU.Build.0 = Debug|Any CPU
		{AFA944BE-00B5-4464-9F98-80B4F5387A0A}.Release|Any CPU.ActiveCfg = Release|Any CPU
		{AFA944BE-00B5-4464-9F98-80B4F5387A0A}.Release|Any CPU.Build.0 = Release|Any CPU
	EndGlobalSection
	GlobalSection(SolutionProperties) = preSolution
		HideSolutionNode = FALSE
	EndGlobalSection
	GlobalSection(ExtensibilityGlobals) = postSolution
		SolutionGuid = {18D89552-8F06-42FB-998D-FA452A318C1D}
	EndGlobalSection
EndGlobal
