
Microsoft Visual Studio Solution File, Format Version 12.00
# Visual Studio Version 16
VisualStudioVersion = 25.0.1706.7
MinimumVisualStudioVersion = 10.0.40219.1
Project("{FAE04EC0-301F-11D3-BF4B-00C04F79EFBC}") = "if_elseDemo", "if_elseDemo\if_elseDemo.csproj", "{C3984759-9942-4664-814C-500A9552DCDD}"
EndProject
Global
	GlobalSection(SolutionConfigurationPlatforms) = preSolution
		Debug|Any CPU = Debug|Any CPU
		Release|Any CPU = Release|Any CPU
	EndGlobalSection
	GlobalSection(ProjectConfigurationPlatforms) = postSolution
		{C3984759-9942-4664-814C-500A9552DCDD}.Debug|Any CPU.ActiveCfg = Debug|Any CPU
		{C3984759-9942-4664-814C-500A9552DCDD}.Debug|Any CPU.Build.0 = Debug|Any CPU
		{C3984759-9942-4664-814C-500A9552DCDD}.Release|Any CPU.ActiveCfg = Release|Any CPU
		{C3984759-9942-4664-814C-500A9552DCDD}.Release|Any CPU.Build.0 = Release|Any CPU
	EndGlobalSection
	GlobalSection(SolutionProperties) = preSolution
		HideSolutionNode = FALSE
	EndGlobalSection
	GlobalSection(ExtensibilityGlobals) = postSolution
		SolutionGuid = {E9BCD379-0492-4F26-8B45-E61D7C1788A6}
	EndGlobalSection
EndGlobal
