
Microsoft Visual Studio Solution File, Format Version 12.00
# Visual Studio Version 16
VisualStudioVersion = 25.0.1706.8
MinimumVisualStudioVersion = 10.0.40219.1
Project("{FAE04EC0-301F-11D3-BF4B-00C04F79EFBC}") = "LinqDemo", "LinqDemo\LinqDemo.csproj", "{1E585A84-9A81-4FD9-BF63-A266D70832A4}"
EndProject
Global
	GlobalSection(SolutionConfigurationPlatforms) = preSolution
		Debug|Any CPU = Debug|Any CPU
		Release|Any CPU = Release|Any CPU
	EndGlobalSection
	GlobalSection(ProjectConfigurationPlatforms) = postSolution
		{1E585A84-9A81-4FD9-BF63-A266D70832A4}.Debug|Any CPU.ActiveCfg = Debug|Any CPU
		{1E585A84-9A81-4FD9-BF63-A266D70832A4}.Debug|Any CPU.Build.0 = Debug|Any CPU
		{1E585A84-9A81-4FD9-BF63-A266D70832A4}.Release|Any CPU.ActiveCfg = Release|Any CPU
		{1E585A84-9A81-4FD9-BF63-A266D70832A4}.Release|Any CPU.Build.0 = Release|Any CPU
	EndGlobalSection
	GlobalSection(SolutionProperties) = preSolution
		HideSolutionNode = FALSE
	EndGlobalSection
	GlobalSection(ExtensibilityGlobals) = postSolution
		SolutionGuid = {14CDA76C-C787-40D6-A86A-2486069D82D7}
	EndGlobalSection
EndGlobal
