
Microsoft Visual Studio Solution File, Format Version 12.00
# Visual Studio Version 16
VisualStudioVersion = 25.0.1706.7
MinimumVisualStudioVersion = 10.0.40219.1
Project("{FAE04EC0-301F-11D3-BF4B-00C04F79EFBC}") = "Delete_Directory", "Delete_Directory\Delete_Directory.csproj", "{1B5B55E9-370B-4FAF-BA5B-2D31BC8B530C}"
EndProject
Global
	GlobalSection(SolutionConfigurationPlatforms) = preSolution
		Debug|Any CPU = Debug|Any CPU
		Release|Any CPU = Release|Any CPU
	EndGlobalSection
	GlobalSection(ProjectConfigurationPlatforms) = postSolution
		{1B5B55E9-370B-4FAF-BA5B-2D31BC8B530C}.Debug|Any CPU.ActiveCfg = Debug|Any CPU
		{1B5B55E9-370B-4FAF-BA5B-2D31BC8B530C}.Debug|Any CPU.Build.0 = Debug|Any CPU
		{1B5B55E9-370B-4FAF-BA5B-2D31BC8B530C}.Release|Any CPU.ActiveCfg = Release|Any CPU
		{1B5B55E9-370B-4FAF-BA5B-2D31BC8B530C}.Release|Any CPU.Build.0 = Release|Any CPU
	EndGlobalSection
	GlobalSection(SolutionProperties) = preSolution
		HideSolutionNode = FALSE
	EndGlobalSection
	GlobalSection(ExtensibilityGlobals) = postSolution
		SolutionGuid = {C41B9909-D809-4EAA-99CD-59AEDDFD37AF}
	EndGlobalSection
EndGlobal
