
Microsoft Visual Studio Solution File, Format Version 12.00
# Visual Studio Version 16
VisualStudioVersion = 25.0.1706.7
MinimumVisualStudioVersion = 10.0.40219.1
Project("{FAE04EC0-301F-11D3-BF4B-00C04F79EFBC}") = "Rotate_Array", "Rotate_Array\Rotate_Array.csproj", "{A612F43C-8D05-453D-831D-3315FD2A0CF4}"
EndProject
Global
	GlobalSection(SolutionConfigurationPlatforms) = preSolution
		Debug|Any CPU = Debug|Any CPU
		Release|Any CPU = Release|Any CPU
	EndGlobalSection
	GlobalSection(ProjectConfigurationPlatforms) = postSolution
		{A612F43C-8D05-453D-831D-3315FD2A0CF4}.Debug|Any CPU.ActiveCfg = Debug|Any CPU
		{A612F43C-8D05-453D-831D-3315FD2A0CF4}.Debug|Any CPU.Build.0 = Debug|Any CPU
		{A612F43C-8D05-453D-831D-3315FD2A0CF4}.Release|Any CPU.ActiveCfg = Release|Any CPU
		{A612F43C-8D05-453D-831D-3315FD2A0CF4}.Release|Any CPU.Build.0 = Release|Any CPU
	EndGlobalSection
	GlobalSection(SolutionProperties) = preSolution
		HideSolutionNode = FALSE
	EndGlobalSection
	GlobalSection(ExtensibilityGlobals) = postSolution
		SolutionGuid = {F10840ED-1005-4E33-80A1-2B3FD3CB1DBD}
	EndGlobalSection
EndGlobal
