
Microsoft Visual Studio Solution File, Format Version 12.00
# Visual Studio Version 16
VisualStudioVersion = 25.0.1706.8
MinimumVisualStudioVersion = 10.0.40219.1
Project("{FAE04EC0-301F-11D3-BF4B-00C04F79EFBC}") = "FactorialNo", "FactorialNo\FactorialNo.csproj", "{7BAF8902-7CA2-494C-9714-AF5B5DBAABC0}"
EndProject
Global
	GlobalSection(SolutionConfigurationPlatforms) = preSolution
		Debug|Any CPU = Debug|Any CPU
		Release|Any CPU = Release|Any CPU
	EndGlobalSection
	GlobalSection(ProjectConfigurationPlatforms) = postSolution
		{7BAF8902-7CA2-494C-9714-AF5B5DBAABC0}.Debug|Any CPU.ActiveCfg = Debug|Any CPU
		{7BAF8902-7CA2-494C-9714-AF5B5DBAABC0}.Debug|Any CPU.Build.0 = Debug|Any CPU
		{7BAF8902-7CA2-494C-9714-AF5B5DBAABC0}.Release|Any CPU.ActiveCfg = Release|Any CPU
		{7BAF8902-7CA2-494C-9714-AF5B5DBAABC0}.Release|Any CPU.Build.0 = Release|Any CPU
	EndGlobalSection
	GlobalSection(SolutionProperties) = preSolution
		HideSolutionNode = FALSE
	EndGlobalSection
	GlobalSection(ExtensibilityGlobals) = postSolution
		SolutionGuid = {1E04CF47-E788-4C20-9CBF-92130E28C6D3}
	EndGlobalSection
EndGlobal
