
Microsoft Visual Studio Solution File, Format Version 12.00
# Visual Studio Version 16
VisualStudioVersion = 25.0.1706.7
MinimumVisualStudioVersion = 10.0.40219.1
Project("{FAE04EC0-301F-11D3-BF4B-00C04F79EFBC}") = "ClassEx", "ClassEx\ClassEx.csproj", "{52DF77EE-2473-4DA8-A7B8-E6EDE420EE56}"
EndProject
Global
	GlobalSection(SolutionConfigurationPlatforms) = preSolution
		Debug|Any CPU = Debug|Any CPU
		Release|Any CPU = Release|Any CPU
	EndGlobalSection
	GlobalSection(ProjectConfigurationPlatforms) = postSolution
		{52DF77EE-2473-4DA8-A7B8-E6EDE420EE56}.Debug|Any CPU.ActiveCfg = Debug|Any CPU
		{52DF77EE-2473-4DA8-A7B8-E6EDE420EE56}.Debug|Any CPU.Build.0 = Debug|Any CPU
		{52DF77EE-2473-4DA8-A7B8-E6EDE420EE56}.Release|Any CPU.ActiveCfg = Release|Any CPU
		{52DF77EE-2473-4DA8-A7B8-E6EDE420EE56}.Release|Any CPU.Build.0 = Release|Any CPU
	EndGlobalSection
	GlobalSection(SolutionProperties) = preSolution
		HideSolutionNode = FALSE
	EndGlobalSection
	GlobalSection(ExtensibilityGlobals) = postSolution
		SolutionGuid = {BF2B4AF6-6812-48AA-B05D-B375F04E8BF6}
	EndGlobalSection
EndGlobal
