
Microsoft Visual Studio Solution File, Format Version 12.00
# Visual Studio Version 16
VisualStudioVersion = 25.0.1706.7
MinimumVisualStudioVersion = 10.0.40219.1
Project("{FAE04EC0-301F-11D3-BF4B-00C04F79EFBC}") = "Single_inherit", "Single_inherit\Single_inherit.csproj", "{8A8DD954-F963-4826-96FD-75A2B225909B}"
EndProject
Global
	GlobalSection(SolutionConfigurationPlatforms) = preSolution
		Debug|Any CPU = Debug|Any CPU
		Release|Any CPU = Release|Any CPU
	EndGlobalSection
	GlobalSection(ProjectConfigurationPlatforms) = postSolution
		{8A8DD954-F963-4826-96FD-75A2B225909B}.Debug|Any CPU.ActiveCfg = Debug|Any CPU
		{8A8DD954-F963-4826-96FD-75A2B225909B}.Debug|Any CPU.Build.0 = Debug|Any CPU
		{8A8DD954-F963-4826-96FD-75A2B225909B}.Release|Any CPU.ActiveCfg = Release|Any CPU
		{8A8DD954-F963-4826-96FD-75A2B225909B}.Release|Any CPU.Build.0 = Release|Any CPU
	EndGlobalSection
	GlobalSection(SolutionProperties) = preSolution
		HideSolutionNode = FALSE
	EndGlobalSection
	GlobalSection(ExtensibilityGlobals) = postSolution
		SolutionGuid = {0AC1888B-B4E7-44C1-BF77-CD1D6B63F387}
	EndGlobalSection
EndGlobal
