
Microsoft Visual Studio Solution File, Format Version 12.00
# Visual Studio Version 16
VisualStudioVersion = 25.0.1706.7
MinimumVisualStudioVersion = 10.0.40219.1
Project("{FAE04EC0-301F-11D3-BF4B-00C04F79EFBC}") = "Frequency_Array", "Frequency_Array\Frequency_Array.csproj", "{8C32370E-ED2B-4962-BE57-8CE3E6268904}"
EndProject
Global
	GlobalSection(SolutionConfigurationPlatforms) = preSolution
		Debug|Any CPU = Debug|Any CPU
		Release|Any CPU = Release|Any CPU
	EndGlobalSection
	GlobalSection(ProjectConfigurationPlatforms) = postSolution
		{8C32370E-ED2B-4962-BE57-8CE3E6268904}.Debug|Any CPU.ActiveCfg = Debug|Any CPU
		{8C32370E-ED2B-4962-BE57-8CE3E6268904}.Debug|Any CPU.Build.0 = Debug|Any CPU
		{8C32370E-ED2B-4962-BE57-8CE3E6268904}.Release|Any CPU.ActiveCfg = Release|Any CPU
		{8C32370E-ED2B-4962-BE57-8CE3E6268904}.Release|Any CPU.Build.0 = Release|Any CPU
	EndGlobalSection
	GlobalSection(SolutionProperties) = preSolution
		HideSolutionNode = FALSE
	EndGlobalSection
	GlobalSection(ExtensibilityGlobals) = postSolution
		SolutionGuid = {08DE9715-015F-4E6F-AAA5-6916732A0EF9}
	EndGlobalSection
EndGlobal
