
Microsoft Visual Studio Solution File, Format Version 12.00
# Visual Studio Version 16
VisualStudioVersion = 25.0.1706.7
MinimumVisualStudioVersion = 10.0.40219.1
Project("{FAE04EC0-301F-11D3-BF4B-00C04F79EFBC}") = "Parameterized_Constructor", "Parameterized_Constructor\Parameterized_Constructor.csproj", "{63DFB1A1-4011-412B-B7C5-78C17C670275}"
EndProject
Global
	GlobalSection(SolutionConfigurationPlatforms) = preSolution
		Debug|Any CPU = Debug|Any CPU
		Release|Any CPU = Release|Any CPU
	EndGlobalSection
	GlobalSection(ProjectConfigurationPlatforms) = postSolution
		{63DFB1A1-4011-412B-B7C5-78C17C670275}.Debug|Any CPU.ActiveCfg = Debug|Any CPU
		{63DFB1A1-4011-412B-B7C5-78C17C670275}.Debug|Any CPU.Build.0 = Debug|Any CPU
		{63DFB1A1-4011-412B-B7C5-78C17C670275}.Release|Any CPU.ActiveCfg = Release|Any CPU
		{63DFB1A1-4011-412B-B7C5-78C17C670275}.Release|Any CPU.Build.0 = Release|Any CPU
	EndGlobalSection
	GlobalSection(SolutionProperties) = preSolution
		HideSolutionNode = FALSE
	EndGlobalSection
	GlobalSection(ExtensibilityGlobals) = postSolution
		SolutionGuid = {2620B430-ADC1-4C2D-ADEB-E0A41905F757}
	EndGlobalSection
EndGlobal
