
Microsoft Visual Studio Solution File, Format Version 12.00
# Visual Studio Version 16
VisualStudioVersion = 25.0.1706.8
MinimumVisualStudioVersion = 10.0.40219.1
Project("{FAE04EC0-301F-11D3-BF4B-00C04F79EFBC}") = "Interface_Inheritance", "Interface_Inheritance\Interface_Inheritance.csproj", "{7F1184C5-09F6-4B3B-B9D7-8AE510F35B88}"
EndProject
Global
	GlobalSection(SolutionConfigurationPlatforms) = preSolution
		Debug|Any CPU = Debug|Any CPU
		Release|Any CPU = Release|Any CPU
	EndGlobalSection
	GlobalSection(ProjectConfigurationPlatforms) = postSolution
		{7F1184C5-09F6-4B3B-B9D7-8AE510F35B88}.Debug|Any CPU.ActiveCfg = Debug|Any CPU
		{7F1184C5-09F6-4B3B-B9D7-8AE510F35B88}.Debug|Any CPU.Build.0 = Debug|Any CPU
		{7F1184C5-09F6-4B3B-B9D7-8AE510F35B88}.Release|Any CPU.ActiveCfg = Release|Any CPU
		{7F1184C5-09F6-4B3B-B9D7-8AE510F35B88}.Release|Any CPU.Build.0 = Release|Any CPU
	EndGlobalSection
	GlobalSection(SolutionProperties) = preSolution
		HideSolutionNode = FALSE
	EndGlobalSection
	GlobalSection(ExtensibilityGlobals) = postSolution
		SolutionGuid = {A3C7E91D-43D4-4319-83CC-07A99FAEB239}
	EndGlobalSection
EndGlobal
