
Microsoft Visual Studio Solution File, Format Version 12.00
# Visual Studio Version 16
VisualStudioVersion = 25.0.1706.7
MinimumVisualStudioVersion = 10.0.40219.1
Project("{FAE04EC0-301F-11D3-BF4B-00C04F79EFBC}") = "LargestEle_Array", "LargestEle_Array\LargestEle_Array.csproj", "{A1661E78-5DF9-46AB-BB93-FAB397C57C89}"
EndProject
Global
	GlobalSection(SolutionConfigurationPlatforms) = preSolution
		Debug|Any CPU = Debug|Any CPU
		Release|Any CPU = Release|Any CPU
	EndGlobalSection
	GlobalSection(ProjectConfigurationPlatforms) = postSolution
		{A1661E78-5DF9-46AB-BB93-FAB397C57C89}.Debug|Any CPU.ActiveCfg = Debug|Any CPU
		{A1661E78-5DF9-46AB-BB93-FAB397C57C89}.Debug|Any CPU.Build.0 = Debug|Any CPU
		{A1661E78-5DF9-46AB-BB93-FAB397C57C89}.Release|Any CPU.ActiveCfg = Release|Any CPU
		{A1661E78-5DF9-46AB-BB93-FAB397C57C89}.Release|Any CPU.Build.0 = Release|Any CPU
	EndGlobalSection
	GlobalSection(SolutionProperties) = preSolution
		HideSolutionNode = FALSE
	EndGlobalSection
	GlobalSection(ExtensibilityGlobals) = postSolution
		SolutionGuid = {6F651A72-2B79-4656-8176-538A2C9F4841}
	EndGlobalSection
EndGlobal
