
Microsoft Visual Studio Solution File, Format Version 12.00
# Visual Studio Version 16
VisualStudioVersion = 25.0.1706.7
MinimumVisualStudioVersion = 10.0.40219.1
Project("{FAE04EC0-301F-11D3-BF4B-00C04F79EFBC}") = "StreamWriter_Demo", "StreamWriter_Demo\StreamWriter_Demo.csproj", "{F506E690-E587-4B62-A5B8-F9C15E24607E}"
EndProject
Global
	GlobalSection(SolutionConfigurationPlatforms) = preSolution
		Debug|Any CPU = Debug|Any CPU
		Release|Any CPU = Release|Any CPU
	EndGlobalSection
	GlobalSection(ProjectConfigurationPlatforms) = postSolution
		{F506E690-E587-4B62-A5B8-F9C15E24607E}.Debug|Any CPU.ActiveCfg = Debug|Any CPU
		{F506E690-E587-4B62-A5B8-F9C15E24607E}.Debug|Any CPU.Build.0 = Debug|Any CPU
		{F506E690-E587-4B62-A5B8-F9C15E24607E}.Release|Any CPU.ActiveCfg = Release|Any CPU
		{F506E690-E587-4B62-A5B8-F9C15E24607E}.Release|Any CPU.Build.0 = Release|Any CPU
	EndGlobalSection
	GlobalSection(SolutionProperties) = preSolution
		HideSolutionNode = FALSE
	EndGlobalSection
	GlobalSection(ExtensibilityGlobals) = postSolution
		SolutionGuid = {BDEB0939-15F4-48A7-9538-D5417922D303}
	EndGlobalSection
EndGlobal
