
Microsoft Visual Studio Solution File, Format Version 12.00
# Visual Studio Version 16
VisualStudioVersion = 25.0.1706.7
MinimumVisualStudioVersion = 10.0.40219.1
Project("{FAE04EC0-301F-11D3-BF4B-00C04F79EFBC}") = "Random_Class_Demo", "Random_Class_Demo\Random_Class_Demo.csproj", "{4FDF08C5-1453-4ACF-A7D3-A9A339352540}"
EndProject
Global
	GlobalSection(SolutionConfigurationPlatforms) = preSolution
		Debug|Any CPU = Debug|Any CPU
		Release|Any CPU = Release|Any CPU
	EndGlobalSection
	GlobalSection(ProjectConfigurationPlatforms) = postSolution
		{4FDF08C5-1453-4ACF-A7D3-A9A339352540}.Debug|Any CPU.ActiveCfg = Debug|Any CPU
		{4FDF08C5-1453-4ACF-A7D3-A9A339352540}.Debug|Any CPU.Build.0 = Debug|Any CPU
		{4FDF08C5-1453-4ACF-A7D3-A9A339352540}.Release|Any CPU.ActiveCfg = Release|Any CPU
		{4FDF08C5-1453-4ACF-A7D3-A9A339352540}.Release|Any CPU.Build.0 = Release|Any CPU
	EndGlobalSection
	GlobalSection(SolutionProperties) = preSolution
		HideSolutionNode = FALSE
	EndGlobalSection
	GlobalSection(ExtensibilityGlobals) = postSolution
		SolutionGuid = {8E1656A4-7C87-4942-9C81-12F502B0EA0F}
	EndGlobalSection
EndGlobal
