
Microsoft Visual Studio Solution File, Format Version 12.00
# Visual Studio Version 16
VisualStudioVersion = 25.0.1706.8
MinimumVisualStudioVersion = 10.0.40219.1
Project("{FAE04EC0-301F-11D3-BF4B-00C04F79EFBC}") = "Propertied_demo", "Propertied_demo\Propertied_demo.csproj", "{F24D5919-C100-46C0-9613-9E1B75CB546B}"
EndProject
Global
	GlobalSection(SolutionConfigurationPlatforms) = preSolution
		Debug|Any CPU = Debug|Any CPU
		Release|Any CPU = Release|Any CPU
	EndGlobalSection
	GlobalSection(ProjectConfigurationPlatforms) = postSolution
		{F24D5919-C100-46C0-9613-9E1B75CB546B}.Debug|Any CPU.ActiveCfg = Debug|Any CPU
		{F24D5919-C100-46C0-9613-9E1B75CB546B}.Debug|Any CPU.Build.0 = Debug|Any CPU
		{F24D5919-C100-46C0-9613-9E1B75CB546B}.Release|Any CPU.ActiveCfg = Release|Any CPU
		{F24D5919-C100-46C0-9613-9E1B75CB546B}.Release|Any CPU.Build.0 = Release|Any CPU
	EndGlobalSection
	GlobalSection(SolutionProperties) = preSolution
		HideSolutionNode = FALSE
	EndGlobalSection
	GlobalSection(ExtensibilityGlobals) = postSolution
		SolutionGuid = {C6320C5E-6489-4A95-B2F3-47C2AD002FCC}
	EndGlobalSection
EndGlobal
