
Microsoft Visual Studio Solution File, Format Version 12.00
# Visual Studio Version 16
VisualStudioVersion = 25.0.1706.7
MinimumVisualStudioVersion = 10.0.40219.1
Project("{FAE04EC0-301F-11D3-BF4B-00C04F79EFBC}") = "SwitchDemo", "SwitchDemo\SwitchDemo.csproj", "{9918FB00-E7F6-4606-BFE6-CC7E744E160A}"
EndProject
Global
	GlobalSection(SolutionConfigurationPlatforms) = preSolution
		Debug|Any CPU = Debug|Any CPU
		Release|Any CPU = Release|Any CPU
	EndGlobalSection
	GlobalSection(ProjectConfigurationPlatforms) = postSolution
		{9918FB00-E7F6-4606-BFE6-CC7E744E160A}.Debug|Any CPU.ActiveCfg = Debug|Any CPU
		{9918FB00-E7F6-4606-BFE6-CC7E744E160A}.Debug|Any CPU.Build.0 = Debug|Any CPU
		{9918FB00-E7F6-4606-BFE6-CC7E744E160A}.Release|Any CPU.ActiveCfg = Release|Any CPU
		{9918FB00-E7F6-4606-BFE6-CC7E744E160A}.Release|Any CPU.Build.0 = Release|Any CPU
	EndGlobalSection
	GlobalSection(SolutionProperties) = preSolution
		HideSolutionNode = FALSE
	EndGlobalSection
	GlobalSection(ExtensibilityGlobals) = postSolution
		SolutionGuid = {7B826681-C122-42F2-B0C0-56A7106B9ADE}
	EndGlobalSection
EndGlobal
