
Microsoft Visual Studio Solution File, Format Version 12.00
# Visual Studio Version 16
VisualStudioVersion = 25.0.1706.7
MinimumVisualStudioVersion = 10.0.40219.1
Project("{FAE04EC0-301F-11D3-BF4B-00C04F79EFBC}") = "FileAccess_Demo", "FileAccess_Demo\FileAccess_Demo.csproj", "{90142B69-6168-4172-BDE3-31BCE1DCA796}"
EndProject
Global
	GlobalSection(SolutionConfigurationPlatforms) = preSolution
		Debug|Any CPU = Debug|Any CPU
		Release|Any CPU = Release|Any CPU
	EndGlobalSection
	GlobalSection(ProjectConfigurationPlatforms) = postSolution
		{90142B69-6168-4172-BDE3-31BCE1DCA796}.Debug|Any CPU.ActiveCfg = Debug|Any CPU
		{90142B69-6168-4172-BDE3-31BCE1DCA796}.Debug|Any CPU.Build.0 = Debug|Any CPU
		{90142B69-6168-4172-BDE3-31BCE1DCA796}.Release|Any CPU.ActiveCfg = Release|Any CPU
		{90142B69-6168-4172-BDE3-31BCE1DCA796}.Release|Any CPU.Build.0 = Release|Any CPU
	EndGlobalSection
	GlobalSection(SolutionProperties) = preSolution
		HideSolutionNode = FALSE
	EndGlobalSection
	GlobalSection(ExtensibilityGlobals) = postSolution
		SolutionGuid = {28D4B012-6CCC-4112-98A6-46353A9660C9}
	EndGlobalSection
EndGlobal
