
Microsoft Visual Studio Solution File, Format Version 12.00
# Visual Studio Version 16
VisualStudioVersion = 25.0.1706.7
MinimumVisualStudioVersion = 10.0.40219.1
Project("{FAE04EC0-301F-11D3-BF4B-00C04F79EFBC}") = "Copy_Const", "Copy_Const\Copy_Const.csproj", "{F3FF5F7E-F0F8-40F5-B786-47DCAA53E449}"
EndProject
Global
	GlobalSection(SolutionConfigurationPlatforms) = preSolution
		Debug|Any CPU = Debug|Any CPU
		Release|Any CPU = Release|Any CPU
	EndGlobalSection
	GlobalSection(ProjectConfigurationPlatforms) = postSolution
		{F3FF5F7E-F0F8-40F5-B786-47DCAA53E449}.Debug|Any CPU.ActiveCfg = Debug|Any CPU
		{F3FF5F7E-F0F8-40F5-B786-47DCAA53E449}.Debug|Any CPU.Build.0 = Debug|Any CPU
		{F3FF5F7E-F0F8-40F5-B786-47DCAA53E449}.Release|Any CPU.ActiveCfg = Release|Any CPU
		{F3FF5F7E-F0F8-40F5-B786-47DCAA53E449}.Release|Any CPU.Build.0 = Release|Any CPU
	EndGlobalSection
	GlobalSection(SolutionProperties) = preSolution
		HideSolutionNode = FALSE
	EndGlobalSection
	GlobalSection(ExtensibilityGlobals) = postSolution
		SolutionGuid = {D6093227-0E8B-4734-A83A-B11B390B933A}
	EndGlobalSection
EndGlobal
