
Microsoft Visual Studio Solution File, Format Version 12.00
# Visual Studio Version 16
VisualStudioVersion = 25.0.1706.8
MinimumVisualStudioVersion = 10.0.40219.1
Project("{FAE04EC0-301F-11D3-BF4B-00C04F79EFBC}") = "armstrong", "armstrong\armstrong.csproj", "{5D845AA5-607F-4BC8-B5A4-CAD7AAFD84EF}"
EndProject
Global
	GlobalSection(SolutionConfigurationPlatforms) = preSolution
		Debug|Any CPU = Debug|Any CPU
		Release|Any CPU = Release|Any CPU
	EndGlobalSection
	GlobalSection(ProjectConfigurationPlatforms) = postSolution
		{5D845AA5-607F-4BC8-B5A4-CAD7AAFD84EF}.Debug|Any CPU.ActiveCfg = Debug|Any CPU
		{5D845AA5-607F-4BC8-B5A4-CAD7AAFD84EF}.Debug|Any CPU.Build.0 = Debug|Any CPU
		{5D845AA5-607F-4BC8-B5A4-CAD7AAFD84EF}.Release|Any CPU.ActiveCfg = Release|Any CPU
		{5D845AA5-607F-4BC8-B5A4-CAD7AAFD84EF}.Release|Any CPU.Build.0 = Release|Any CPU
	EndGlobalSection
	GlobalSection(SolutionProperties) = preSolution
		HideSolutionNode = FALSE
	EndGlobalSection
	GlobalSection(ExtensibilityGlobals) = postSolution
		SolutionGuid = {7039C223-055F-42F7-8D08-1910DBAD6D06}
	EndGlobalSection
EndGlobal
