
Microsoft Visual Studio Solution File, Format Version 12.00
# Visual Studio Version 16
VisualStudioVersion = 25.0.1706.7
MinimumVisualStudioVersion = 10.0.40219.1
Project("{FAE04EC0-301F-11D3-BF4B-00C04F79EFBC}") = "Odd_Even_Array", "Odd_Even_Array\Odd_Even_Array.csproj", "{358FA9CD-747B-4C0F-A795-6AD3E38AD5EC}"
EndProject
Global
	GlobalSection(SolutionConfigurationPlatforms) = preSolution
		Debug|Any CPU = Debug|Any CPU
		Release|Any CPU = Release|Any CPU
	EndGlobalSection
	GlobalSection(ProjectConfigurationPlatforms) = postSolution
		{358FA9CD-747B-4C0F-A795-6AD3E38AD5EC}.Debug|Any CPU.ActiveCfg = Debug|Any CPU
		{358FA9CD-747B-4C0F-A795-6AD3E38AD5EC}.Debug|Any CPU.Build.0 = Debug|Any CPU
		{358FA9CD-747B-4C0F-A795-6AD3E38AD5EC}.Release|Any CPU.ActiveCfg = Release|Any CPU
		{358FA9CD-747B-4C0F-A795-6AD3E38AD5EC}.Release|Any CPU.Build.0 = Release|Any CPU
	EndGlobalSection
	GlobalSection(SolutionProperties) = preSolution
		HideSolutionNode = FALSE
	EndGlobalSection
	GlobalSection(ExtensibilityGlobals) = postSolution
		SolutionGuid = {36D87EAB-549D-44B4-9AFA-7183012D06E9}
	EndGlobalSection
EndGlobal
