
Microsoft Visual Studio Solution File, Format Version 12.00
# Visual Studio Version 16
VisualStudioVersion = 25.0.1706.7
MinimumVisualStudioVersion = 10.0.40219.1
Project("{FAE04EC0-301F-11D3-BF4B-00C04F79EFBC}") = "Move_Directory_Demo", "Move_Directory_Demo\Move_Directory_Demo.csproj", "{ED7A82AB-A92B-4A77-AE1E-DA8061D9D507}"
EndProject
Global
	GlobalSection(SolutionConfigurationPlatforms) = preSolution
		Debug|Any CPU = Debug|Any CPU
		Release|Any CPU = Release|Any CPU
	EndGlobalSection
	GlobalSection(ProjectConfigurationPlatforms) = postSolution
		{ED7A82AB-A92B-4A77-AE1E-DA8061D9D507}.Debug|Any CPU.ActiveCfg = Debug|Any CPU
		{ED7A82AB-A92B-4A77-AE1E-DA8061D9D507}.Debug|Any CPU.Build.0 = Debug|Any CPU
		{ED7A82AB-A92B-4A77-AE1E-DA8061D9D507}.Release|Any CPU.ActiveCfg = Release|Any CPU
		{ED7A82AB-A92B-4A77-AE1E-DA8061D9D507}.Release|Any CPU.Build.0 = Release|Any CPU
	EndGlobalSection
	GlobalSection(SolutionProperties) = preSolution
		HideSolutionNode = FALSE
	EndGlobalSection
	GlobalSection(ExtensibilityGlobals) = postSolution
		SolutionGuid = {7D235BFE-9837-4C20-AA9E-C8BE2AA7CE3F}
	EndGlobalSection
EndGlobal
