
Microsoft Visual Studio Solution File, Format Version 12.00
# Visual Studio Version 16
VisualStudioVersion = 25.0.1706.8
MinimumVisualStudioVersion = 10.0.40219.1
Project("{FAE04EC0-301F-11D3-BF4B-00C04F79EFBC}") = "Properties_demo", "Properties_demo\Properties_demo.csproj", "{EE1CBE4E-A01D-432B-ACAB-4FAB3B233F61}"
EndProject
Global
	GlobalSection(SolutionConfigurationPlatforms) = preSolution
		Debug|Any CPU = Debug|Any CPU
		Release|Any CPU = Release|Any CPU
	EndGlobalSection
	GlobalSection(ProjectConfigurationPlatforms) = postSolution
		{EE1CBE4E-A01D-432B-ACAB-4FAB3B233F61}.Debug|Any CPU.ActiveCfg = Debug|Any CPU
		{EE1CBE4E-A01D-432B-ACAB-4FAB3B233F61}.Debug|Any CPU.Build.0 = Debug|Any CPU
		{EE1CBE4E-A01D-432B-ACAB-4FAB3B233F61}.Release|Any CPU.ActiveCfg = Release|Any CPU
		{EE1CBE4E-A01D-432B-ACAB-4FAB3B233F61}.Release|Any CPU.Build.0 = Release|Any CPU
	EndGlobalSection
	GlobalSection(SolutionProperties) = preSolution
		HideSolutionNode = FALSE
	EndGlobalSection
	GlobalSection(ExtensibilityGlobals) = postSolution
		SolutionGuid = {BC22A17B-331A-4742-B248-8607D7184DE6}
	EndGlobalSection
EndGlobal
