
Microsoft Visual Studio Solution File, Format Version 12.00
# Visual Studio Version 16
VisualStudioVersion = 25.0.1706.7
MinimumVisualStudioVersion = 10.0.40219.1
Project("{FAE04EC0-301F-11D3-BF4B-00C04F79EFBC}") = "PassByOut", "PassByOut\PassByOut.csproj", "{FCF9D5DC-5EE9-4D9D-ACFE-B6C42D6E623F}"
EndProject
Global
	GlobalSection(SolutionConfigurationPlatforms) = preSolution
		Debug|Any CPU = Debug|Any CPU
		Release|Any CPU = Release|Any CPU
	EndGlobalSection
	GlobalSection(ProjectConfigurationPlatforms) = postSolution
		{FCF9D5DC-5EE9-4D9D-ACFE-B6C42D6E623F}.Debug|Any CPU.ActiveCfg = Debug|Any CPU
		{FCF9D5DC-5EE9-4D9D-ACFE-B6C42D6E623F}.Debug|Any CPU.Build.0 = Debug|Any CPU
		{FCF9D5DC-5EE9-4D9D-ACFE-B6C42D6E623F}.Release|Any CPU.ActiveCfg = Release|Any CPU
		{FCF9D5DC-5EE9-4D9D-ACFE-B6C42D6E623F}.Release|Any CPU.Build.0 = Release|Any CPU
	EndGlobalSection
	GlobalSection(SolutionProperties) = preSolution
		HideSolutionNode = FALSE
	EndGlobalSection
	GlobalSection(ExtensibilityGlobals) = postSolution
		SolutionGuid = {BE4F8288-2070-47CE-992B-01AB9AF55E10}
	EndGlobalSection
EndGlobal
