
Microsoft Visual Studio Solution File, Format Version 12.00
# Visual Studio Version 16
VisualStudioVersion = 25.0.1706.7
MinimumVisualStudioVersion = 10.0.40219.1
Project("{FAE04EC0-301F-11D3-BF4B-00C04F79EFBC}") = "EvenPos", "EvenPos\EvenPos.csproj", "{F646A293-0A00-4713-81A5-7F5DEA89DA62}"
EndProject
Global
	GlobalSection(SolutionConfigurationPlatforms) = preSolution
		Debug|Any CPU = Debug|Any CPU
		Release|Any CPU = Release|Any CPU
	EndGlobalSection
	GlobalSection(ProjectConfigurationPlatforms) = postSolution
		{F646A293-0A00-4713-81A5-7F5DEA89DA62}.Debug|Any CPU.ActiveCfg = Debug|Any CPU
		{F646A293-0A00-4713-81A5-7F5DEA89DA62}.Debug|Any CPU.Build.0 = Debug|Any CPU
		{F646A293-0A00-4713-81A5-7F5DEA89DA62}.Release|Any CPU.ActiveCfg = Release|Any CPU
		{F646A293-0A00-4713-81A5-7F5DEA89DA62}.Release|Any CPU.Build.0 = Release|Any CPU
	EndGlobalSection
	GlobalSection(SolutionProperties) = preSolution
		HideSolutionNode = FALSE
	EndGlobalSection
	GlobalSection(ExtensibilityGlobals) = postSolution
		SolutionGuid = {93B093F5-4169-4F15-A5CB-AACEF7F98108}
	EndGlobalSection
EndGlobal
